[[package]]
name = 'core'
dependencies = []

[[package]]
name = 'hello_world'
dependencies = ['std git+https://github.com/FuelLabs/sway?branch=master#92cc0df1cc142f17fc917079a7dec46e1c5ff51d']

[[package]]
name = 'std'
source = 'git+https://github.com/FuelLabs/sway?branch=master#92cc0df1cc142f17fc917079a7dec46e1c5ff51d'
dependencies = ['core']
