[[package]]
name = 'core'
dependencies = []

[[package]]
name = 'std'
source = 'git+https://github.com/FuelLabs/sway?branch=master#d701bc0477b2e6c5c269f304b8e6aa0c7857da48'
dependencies = ['core']

[[package]]
name = 'token_abi'
dependencies = ['std git+https://github.com/FuelLabs/sway?branch=master#d701bc0477b2e6c5c269f304b8e6aa0c7857da48']

[[package]]
name = 'token_contract'
dependencies = [
    'std git+https://github.com/FuelLabs/sway?branch=master#d701bc0477b2e6c5c269f304b8e6aa0c7857da48',
    'token_abi',
]
